// !$*UTF8*$!
{
	archiveVersion = 1;
	classes = {
	};
	objectVersion = 50;
	objects = {

/* Begin PBXBuildFile section */
		6A9FFC7D238DB3FE00AEB564 /* AppDelegate.swift in Sources */ = {isa = PBXBuildFile; fileRef = 6A9FFC7C238DB3FE00AEB564 /* AppDelegate.swift */; };
		6A9FFC7F238DB3FE00AEB564 /* ViewController.swift in Sources */ = {isa = PBXBuildFile; fileRef = 6A9FFC7E238DB3FE00AEB564 /* ViewController.swift */; };
		6A9FFC82238DB3FE00AEB564 /* Main.storyboard in Resources */ = {isa = PBXBuildFile; fileRef = 6A9FFC80238DB3FE00AEB564 /* Main.storyboard */; };
		6A9FFC84238DB40100AEB564 /* Assets.xcassets in Resources */ = {isa = PBXBuildFile; fileRef = 6A9FFC83238DB40100AEB564 /* Assets.xcassets */; };
		6A9FFC87238DB40100AEB564 /* LaunchScreen.storyboard in Resources */ = {isa = PBXBuildFile; fileRef = 6A9FFC85238DB40100AEB564 /* LaunchScreen.storyboard */; };
		6A9FFC92238DB40100AEB564 /* To_do_number_2Tests.swift in Sources */ = {isa = PBXBuildFile; fileRef = 6A9FFC91238DB40100AEB564 /* To_do_number_2Tests.swift */; };
		6A9FFC9D238DB40100AEB564 /* To_do_number_2UITests.swift in Sources */ = {isa = PBXBuildFile; fileRef = 6A9FFC9C238DB40100AEB564 /* To_do_number_2UITests.swift */; };
/* End PBXBuildFile section */

/* Begin PBXContainerItemProxy section */
		6A9FFC8E238DB40100AEB564 /* PBXContainerItemProxy */ = {
			isa = PBXContainerItemProxy;
			containerPortal = 6A9FFC71238DB3FE00AEB564 /* Project object */;
			proxyType = 1;
			remoteGlobalIDString = 6A9FFC78238DB3FE00AEB564;
			remoteInfo = "To do number 2";
		};
		6A9FFC99238DB40100AEB564 /* PBXContainerItemProxy */ = {
			isa = PBXContainerItemProxy;
			containerPortal = 6A9FFC71238DB3FE00AEB564 /* Project object */;
			proxyType = 1;
			remoteGlobalIDString = 6A9FFC78238DB3FE00AEB564;
			remoteInfo = "To do number 2";
		};
/* End PBXContainerItemProxy section */

/* Begin PBXFileReference section */
		6A9FFC79238DB3FE00AEB564 /* To do number 2.app */ = {isa = PBXFileReference; explicitFileType = wrapper.application; includeInIndex = 0; path = "To do number 2.app"; sourceTree = BUILT_PRODUCTS_DIR; };
		6A9FFC7C238DB3FE00AEB564 /* AppDelegate.swift */ = {isa = PBXFileReference; lastKnownFileType = sourcecode.swift; path = AppDelegate.swift; sourceTree = "<group>"; };
		6A9FFC7E238DB3FE00AEB564 /* ViewController.swift */ = {isa = PBXFileReference; lastKnownFileType = sourcecode.swift; path = ViewController.swift; sourceTree = "<group>"; };
		6A9FFC81238DB3FE00AEB564 /* Base */ = {isa = PBXFileReference; lastKnownFileType = file.storyboard; name = Base; path = Base.lproj/Main.storyboard; sourceTree = "<group>"; };
		6A9FFC83238DB40100AEB564 /* Assets.xcassets */ = {isa = PBXFileReference; lastKnownFileType = folder.assetcatalog; path = Assets.xcassets; sourceTree = "<group>"; };
		6A9FFC86238DB40100AEB564 /* Base */ = {isa = PBXFileReference; lastKnownFileType = file.storyboard; name = Base; path = Base.lproj/LaunchScreen.storyboard; sourceTree = "<group>"; };
		6A9FFC88238DB40100AEB564 /* Info.plist */ = {isa = PBXFileReference; lastKnownFileType = text.plist.xml; path = Info.plist; sourceTree = "<group>"; };
		6A9FFC8D238DB40100AEB564 /* To do number 2Tests.xctest */ = {isa = PBXFileReference; explicitFileType = wrapper.cfbundle; includeInIndex = 0; path = "To do number 2Tests.xctest"; sourceTree = BUILT_PRODUCTS_DIR; };
		6A9FFC91238DB40100AEB564 /* To_do_number_2Tests.swift */ = {isa = PBXFileReference; lastKnownFileType = sourcecode.swift; path = To_do_number_2Tests.swift; sourceTree = "<group>"; };
		6A9FFC93238DB40100AEB564 /* Info.plist */ = {isa = PBXFileReference; lastKnownFileType = text.plist.xml; path = Info.plist; sourceTree = "<group>"; };
		6A9FFC98238DB40100AEB564 /* To do number 2UITests.xctest */ = {isa = PBXFileReference; explicitFileType = wrapper.cfbundle; includeInIndex = 0; path = "To do number 2UITests.xctest"; sourceTree = BUILT_PRODUCTS_DIR; };
		6A9FFC9C238DB40100AEB564 /* To_do_number_2UITests.swift */ = {isa = PBXFileReference; lastKnownFileType = sourcecode.swift; path = To_do_number_2UITests.swift; sourceTree = "<group>"; };
		6A9FFC9E238DB40100AEB564 /* Info.plist */ = {isa = PBXFileReference; lastKnownFileType = text.plist.xml; path = Info.plist; sourceTree = "<group>"; };
/* End PBXFileReference section */

/* Begin PBXFrameworksBuildPhase section */
		6A9FFC76238DB3FE00AEB564 /* Frameworks */ = {
			isa = PBXFrameworksBuildPhase;
			buildActionMask = 2147483647;
			files = (
			);
			runOnlyForDeploymentPostprocessing = 0;
		};
		6A9FFC8A238DB40100AEB564 /* Frameworks */ = {
			isa = PBXFrameworksBuildPhase;
			buildActionMask = 2147483647;
			files = (
			);
			runOnlyForDeploymentPostprocessing = 0;
		};
		6A9FFC95238DB40100AEB564 /* Frameworks */ = {
			isa = PBXFrameworksBuildPhase;
			buildActionMask = 2147483647;
			files = (
			);
			runOnlyForDeploymentPostprocessing = 0;
		};
/* End PBXFrameworksBuildPhase section */

/* Begin PBXGroup section */
		6A9FFC70238DB3FE00AEB564 = {
			isa = PBXGroup;
			children = (
				6A9FFC7B238DB3FE00AEB564 /* To do number 2 */,
				6A9FFC90238DB40100AEB564 /* To do number 2Tests */,
				6A9FFC9B238DB40100AEB564 /* To do number 2UITests */,
				6A9FFC7A238DB3FE00AEB564 /* Products */,
			);
			sourceTree = "<group>";
		};
		6A9FFC7A238DB3FE00AEB564 /* Products */ = {
			isa = PBXGroup;
			children = (
				6A9FFC79238DB3FE00AEB564 /* To do number 2.app */,
				6A9FFC8D238DB40100AEB564 /* To do number 2Tests.xctest */,
				6A9FFC98238DB40100AEB564 /* To do number 2UITests.xctest */,
			);
			name = Products;
			sourceTree = "<group>";
		};
		6A9FFC7B238DB3FE00AEB564 /* To do number 2 */ = {
			isa = PBXGroup;
			children = (
				6A9FFC7C238DB3FE00AEB564 /* AppDelegate.swift */,
				6A9FFC7E238DB3FE00AEB564 /* ViewController.swift */,
				6A9FFC80238DB3FE00AEB564 /* Main.storyboard */,
				6A9FFC83238DB40100AEB564 /* Assets.xcassets */,
				6A9FFC85238DB40100AEB564 /* LaunchScreen.storyboard */,
				6A9FFC88238DB40100AEB564 /* Info.plist */,
			);
			path = "To do number 2";
			sourceTree = "<group>";
		};
		6A9FFC90238DB40100AEB564 /* To do number 2Tests */ = {
			isa = PBXGroup;
			children = (
				6A9FFC91238DB40100AEB564 /* To_do_number_2Tests.swift */,
				6A9FFC93238DB40100AEB564 /* Info.plist */,
			);
			path = "To do number 2Tests";
			sourceTree = "<group>";
		};
		6A9FFC9B238DB40100AEB564 /* To do number 2UITests */ = {
			isa = PBXGroup;
			children = (
				6A9FFC9C238DB40100AEB564 /* To_do_number_2UITests.swift */,
				6A9FFC9E238DB40100AEB564 /* Info.plist */,
			);
			path = "To do number 2UITests";
			sourceTree = "<group>";
		};
/* End PBXGroup section */

/* Begin PBXNativeTarget section */
		6A9FFC78238DB3FE00AEB564 /* To do number 2 */ = {
			isa = PBXNativeTarget;
			buildConfigurationList = 6A9FFCA1238DB40100AEB564 /* Build configuration list for PBXNativeTarget "To do number 2" */;
			buildPhases = (
				6A9FFC75238DB3FE00AEB564 /* Sources */,
				6A9FFC76238DB3FE00AEB564 /* Frameworks */,
				6A9FFC77238DB3FE00AEB564 /* Resources */,
			);
			buildRules = (
			);
			dependencies = (
			);
			name = "To do number 2";
			productName = "To do number 2";
			productReference = 6A9FFC79238DB3FE00AEB564 /* To do number 2.app */;
			productType = "com.apple.product-type.application";
		};
		6A9FFC8C238DB40100AEB564 /* To do number 2Tests */ = {
			isa = PBXNativeTarget;
			buildConfigurationList = 6A9FFCA4238DB40100AEB564 /* Build configuration list for PBXNativeTarget "To do number 2Tests" */;
			buildPhases = (
				6A9FFC89238DB40100AEB564 /* Sources */,
				6A9FFC8A238DB40100AEB564 /* Frameworks */,
				6A9FFC8B238DB40100AEB564 /* Resources */,
			);
			buildRules = (
			);
			dependencies = (
				6A9FFC8F238DB40100AEB564 /* PBXTargetDependency */,
			);
			name = "To do number 2Tests";
			productName = "To do number 2Tests";
			productReference = 6A9FFC8D238DB40100AEB564 /* To do number 2Tests.xctest */;
			productType = "com.apple.product-type.bundle.unit-test";
		};
		6A9FFC97238DB40100AEB564 /* To do number 2UITests */ = {
			isa = PBXNativeTarget;
			buildConfigurationList = 6A9FFCA7238DB40100AEB564 /* Build configuration list for PBXNativeTarget "To do number 2UITests" */;
			buildPhases = (
				6A9FFC94238DB40100AEB564 /* Sources */,
				6A9FFC95238DB40100AEB564 /* Frameworks */,
				6A9FFC96238DB40100AEB564 /* Resources */,
			);
			buildRules = (
			);
			dependencies = (
				6A9FFC9A238DB40100AEB564 /* PBXTargetDependency */,
			);
			name = "To do number 2UITests";
			productName = "To do number 2UITests";
			productReference = 6A9FFC98238DB40100AEB564 /* To do number 2UITests.xctest */;
			productType = "com.apple.product-type.bundle.ui-testing";
		};
/* End PBXNativeTarget section */

/* Begin PBXProject section */
		6A9FFC71238DB3FE00AEB564 /* Project object */ = {
			isa = PBXProject;
			attributes = {
				LastSwiftUpdateCheck = 1030;
				LastUpgradeCheck = 1030;
				ORGANIZATIONNAME = Robert_Glazer;
				TargetAttributes = {
					6A9FFC78238DB3FE00AEB564 = {
						CreatedOnToolsVersion = 10.3;
					};
					6A9FFC8C238DB40100AEB564 = {
						CreatedOnToolsVersion = 10.3;
						TestTargetID = 6A9FFC78238DB3FE00AEB564;
					};
					6A9FFC97238DB40100AEB564 = {
						CreatedOnToolsVersion = 10.3;
						TestTargetID = 6A9FFC78238DB3FE00AEB564;
					};
				};
			};
			buildConfigurationList = 6A9FFC74238DB3FE00AEB564 /* Build configuration list for PBXProject "To do number 2" */;
			compatibilityVersion = "Xcode 9.3";
			developmentRegion = en;
			hasScannedForEncodings = 0;
			knownRegions = (
				en,
				Base,
			);
			mainGroup = 6A9FFC70238DB3FE00AEB564;
			productRefGroup = 6A9FFC7A238DB3FE00AEB564 /* Products */;
			projectDirPath = "";
			projectRoot = "";
			targets = (
				6A9FFC78238DB3FE00AEB564 /* To do number 2 */,
				6A9FFC8C238DB40100AEB564 /* To do number 2Tests */,
				6A9FFC97238DB40100AEB564 /* To do number 2UITests */,
			);
		};
/* End PBXProject section */

/* Begin PBXResourcesBuildPhase section */
		6A9FFC77238DB3FE00AEB564 /* Resources */ = {
			isa = PBXResourcesBuildPhase;
			buildActionMask = 2147483647;
			files = (
				6A9FFC87238DB40100AEB564 /* LaunchScreen.storyboard in Resources */,
				6A9FFC84238DB40100AEB564 /* Assets.xcassets in Resources */,
				6A9FFC82238DB3FE00AEB564 /* Main.storyboard in Resources */,
			);
			runOnlyForDeploymentPostprocessing = 0;
		};
		6A9FFC8B238DB40100AEB564 /* Resources */ = {
			isa = PBXResourcesBuildPhase;
			buildActionMask = 2147483647;
			files = (
			);
			runOnlyForDeploymentPostprocessing = 0;
		};
		6A9FFC96238DB40100AEB564 /* Resources */ = {
			isa = PBXResourcesBuildPhase;
			buildActionMask = 2147483647;
			files = (
			);
			runOnlyForDeploymentPostprocessing = 0;
		};
/* End PBXResourcesBuildPhase section */

/* Begin PBXSourcesBuildPhase section */
		6A9FFC75238DB3FE00AEB564 /* Sources */ = {
			isa = PBXSourcesBuildPhase;
			buildActionMask = 2147483647;
			files = (
				6A9FFC7F238DB3FE00AEB564 /* ViewController.swift in Sources */,
				6A9FFC7D238DB3FE00AEB564 /* AppDelegate.swift in Sources */,
			);
			runOnlyForDeploymentPostprocessing = 0;
		};
		6A9FFC89238DB40100AEB564 /* Sources */ = {
			isa = PBXSourcesBuildPhase;
			buildActionMask = 2147483647;
			files = (
				6A9FFC92238DB40100AEB564 /* To_do_number_2Tests.swift in Sources */,
			);
			runOnlyForDeploymentPostprocessing = 0;
		};
		6A9FFC94238DB40100AEB564 /* Sources */ = {
			isa = PBXSourcesBuildPhase;
			buildActionMask = 2147483647;
			files = (
				6A9FFC9D238DB40100AEB564 /* To_do_number_2UITests.swift in Sources */,
			);
			runOnlyForDeploymentPostprocessing = 0;
		};
/* End PBXSourcesBuildPhase section */

/* Begin PBXTargetDependency section */
		6A9FFC8F238DB40100AEB564 /* PBXTargetDependency */ = {
			isa = PBXTargetDependency;
			target = 6A9FFC78238DB3FE00AEB564 /* To do number 2 */;
			targetProxy = 6A9FFC8E238DB40100AEB564 /* PBXContainerItemProxy */;
		};
		6A9FFC9A238DB40100AEB564 /* PBXTargetDependency */ = {
			isa = PBXTargetDependency;
			target = 6A9FFC78238DB3FE00AEB564 /* To do number 2 */;
			targetProxy = 6A9FFC99238DB40100AEB564 /* PBXContainerItemProxy */;
		};
/* End PBXTargetDependency section */

/* Begin PBXVariantGroup section */
		6A9FFC80238DB3FE00AEB564 /* Main.storyboard */ = {
			isa = PBXVariantGroup;
			children = (
				6A9FFC81238DB3FE00AEB564 /* Base */,
			);
			name = Main.storyboard;
			sourceTree = "<group>";
		};
		6A9FFC85238DB40100AEB564 /* LaunchScreen.storyboard */ = {
			isa = PBXVariantGroup;
			children = (
				6A9FFC86238DB40100AEB564 /* Base */,
			);
			name = LaunchScreen.storyboard;
			sourceTree = "<group>";
		};
/* End PBXVariantGroup section */

/* Begin XCBuildConfiguration section */
		6A9FFC9F238DB40100AEB564 /* Debug */ = {
			isa = XCBuildConfiguration;
			buildSettings = {
				ALWAYS_SEARCH_USER_PATHS = NO;
				CLANG_ANALYZER_NONNULL = YES;
				CLANG_ANALYZER_NUMBER_OBJECT_CONVERSION = YES_AGGRESSIVE;
				CLANG_CXX_LANGUAGE_STANDARD = "gnu++14";
				CLANG_CXX_LIBRARY = "libc++";
				CLANG_ENABLE_MODULES = YES;
				CLANG_ENABLE_OBJC_ARC = YES;
				CLANG_ENABLE_OBJC_WEAK = YES;
				CLANG_WARN_BLOCK_CAPTURE_AUTORELEASING = YES;
				CLANG_WARN_BOOL_CONVERSION = YES;
				CLANG_WARN_COMMA = YES;
				CLANG_WARN_CONSTANT_CONVERSION = YES;
				CLANG_WARN_DEPRECATED_OBJC_IMPLEMENTATIONS = YES;
				CLANG_WARN_DIRECT_OBJC_ISA_USAGE = YES_ERROR;
				CLANG_WARN_DOCUMENTATION_COMMENTS = YES;
				CLANG_WARN_EMPTY_BODY = YES;
				CLANG_WARN_ENUM_CONVERSION = YES;
				CLANG_WARN_INFINITE_RECURSION = YES;
				CLANG_WARN_INT_CONVERSION = YES;
				CLANG_WARN_NON_LITERAL_NULL_CONVERSION = YES;
				CLANG_WARN_OBJC_IMPLICIT_RETAIN_SELF = YES;
				CLANG_WARN_OBJC_LITERAL_CONVERSION = YES;
				CLANG_WARN_OBJC_ROOT_CLASS = YES_ERROR;
				CLANG_WARN_RANGE_LOOP_ANALYSIS = YES;
				CLANG_WARN_STRICT_PROTOTYPES = YES;
				CLANG_WARN_SUSPICIOUS_MOVE = YES;
				CLANG_WARN_UNGUARDED_AVAILABILITY = YES_AGGRESSIVE;
				CLANG_WARN_UNREACHABLE_CODE = YES;
				CLANG_WARN__DUPLICATE_METHOD_MATCH = YES;
				CODE_SIGN_IDENTITY = "iPhone Developer";
				COPY_PHASE_STRIP = NO;
				DEBUG_INFORMATION_FORMAT = dwarf;
				ENABLE_STRICT_OBJC_MSGSEND = YES;
				ENABLE_TESTABILITY = YES;
				GCC_C_LANGUAGE_STANDARD = gnu11;
				GCC_DYNAMIC_NO_PIC = NO;
				GCC_NO_COMMON_BLOCKS = YES;
				GCC_OPTIMIZATION_LEVEL = 0;
				GCC_PREPROCESSOR_DEFINITIONS = (
					"DEBUG=1",
					"$(inherited)",
				);
				GCC_WARN_64_TO_32_BIT_CONVERSION = YES;
				GCC_WARN_ABOUT_RETURN_TYPE = YES_ERROR;
				GCC_WARN_UNDECLARED_SELECTOR = YES;
				GCC_WARN_UNINITIALIZED_AUTOS = YES_AGGRESSIVE;
				GCC_WARN_UNUSED_FUNCTION = YES;
				GCC_WARN_UNUSED_VARIABLE = YES;
				IPHONEOS_DEPLOYMENT_TARGET = 12.4;
				MTL_ENABLE_DEBUG_INFO = INCLUDE_SOURCE;
				MTL_FAST_MATH = YES;
				ONLY_ACTIVE_ARCH = YES;
				SDKROOT = iphoneos;
				SWIFT_ACTIVE_COMPILATION_CONDITIONS = DEBUG;
				SWIFT_OPTIMIZATION_LEVEL = "-Onone";
			};
			name = Debug;
		};
		6A9FFCA0238DB40100AEB564 /* Release */ = {
			isa = XCBuildConfiguration;
			buildSettings = {
				ALWAYS_SEARCH_USER_PATHS = NO;
				CLANG_ANALYZER_NONNULL = YES;
				CLANG_ANALYZER_NUMBER_OBJECT_CONVERSION = YES_AGGRESSIVE;
				CLANG_CXX_LANGUAGE_STANDARD = "gnu++14";
				CLANG_CXX_LIBRARY = "libc++";
				CLANG_ENABLE_MODULES = YES;
				CLANG_ENABLE_OBJC_ARC = YES;
				CLANG_ENABLE_OBJC_WEAK = YES;
				CLANG_WARN_BLOCK_CAPTURE_AUTORELEASING = YES;
				CLANG_WARN_BOOL_CONVERSION = YES;
				CLANG_WARN_COMMA = YES;
				CLANG_WARN_CONSTANT_CONVERSION = YES;
				CLANG_WARN_DEPRECATED_OBJC_IMPLEMENTATIONS = YES;
				CLANG_WARN_DIRECT_OBJC_ISA_USAGE = YES_ERROR;
				CLANG_WARN_DOCUMENTATION_COMMENTS = YES;
				CLANG_WARN_EMPTY_BODY = YES;
				CLANG_WARN_ENUM_CONVERSION = YES;
				CLANG_WARN_INFINITE_RECURSION = YES;
				CLANG_WARN_INT_CONVERSION = YES;
				CLANG_WARN_NON_LITERAL_NULL_CONVERSION = YES;
				CLANG_WARN_OBJC_IMPLICIT_RETAIN_SELF = YES;
				CLANG_WARN_OBJC_LITERAL_CONVERSION = YES;
				CLANG_WARN_OBJC_ROOT_CLASS = YES_ERROR;
				CLANG_WARN_RANGE_LOOP_ANALYSIS = YES;
				CLANG_WARN_STRICT_PROTOTYPES = YES;
				CLANG_WARN_SUSPICIOUS_MOVE = YES;
				CLANG_WARN_UNGUARDED_AVAILABILITY = YES_AGGRESSIVE;
				CLANG_WARN_UNREACHABLE_CODE = YES;
				CLANG_WARN__DUPLICATE_METHOD_MATCH = YES;
				CODE_SIGN_IDENTITY = "iPhone Developer";
				COPY_PHASE_STRIP = NO;
				DEBUG_INFORMATION_FORMAT = "dwarf-with-dsym";
				ENABLE_NS_ASSERTIONS = NO;
				ENABLE_STRICT_OBJC_MSGSEND = YES;
				GCC_C_LANGUAGE_STANDARD = gnu11;
				GCC_NO_COMMON_BLOCKS = YES;
				GCC_WARN_64_TO_32_BIT_CONVERSION = YES;
				GCC_WARN_ABOUT_RETURN_TYPE = YES_ERROR;
				GCC_WARN_UNDECLARED_SELECTOR = YES;
				GCC_WARN_UNINITIALIZED_AUTOS = YES_AGGRESSIVE;
				GCC_WARN_UNUSED_FUNCTION = YES;
				GCC_WARN_UNUSED_VARIABLE = YES;
				IPHONEOS_DEPLOYMENT_TARGET = 12.4;
				MTL_ENABLE_DEBUG_INFO = NO;
				MTL_FAST_MATH = YES;
				SDKROOT = iphoneos;
				SWIFT_COMPILATION_MODE = wholemodule;
				SWIFT_OPTIMIZATION_LEVEL = "-O";
				VALIDATE_PRODUCT = YES;
			};
			name = Release;
		};
		6A9FFCA2238DB40100AEB564 /* Debug */ = {
			isa = XCBuildConfiguration;
			buildSettings = {
				ASSETCATALOG_COMPILER_APPICON_NAME = AppIcon;
				CODE_SIGN_STYLE = Automatic;
				DEVELOPMENT_TEAM = SN4622MCZZ;
				INFOPLIST_FILE = "To do number 2/Info.plist";
				LD_RUNPATH_SEARCH_PATHS = (
					"$(inherited)",
					"@executable_path/Frameworks",
				);
				PRODUCT_BUNDLE_IDENTIFIER = "RobsApps.To-do-number-2";
				PRODUCT_NAME = "$(TARGET_NAME)";
				SWIFT_VERSION = 5.0;
				TARGETED_DEVICE_FAMILY = "1,2";
			};
			name = Debug;
		};
		6A9FFCA3238DB40100AEB564 /* Release */ = {
			isa = XCBuildConfiguration;
			buildSettings = {
				ASSETCATALOG_COMPILER_APPICON_NAME = AppIcon;
				CODE_SIGN_STYLE = Automatic;
				DEVELOPMENT_TEAM = SN4622MCZZ;
				INFOPLIST_FILE = "To do number 2/Info.plist";
				LD_RUNPATH_SEARCH_PATHS = (
					"$(inherited)",
					"@executable_path/Frameworks",
				);
				PRODUCT_BUNDLE_IDENTIFIER = "RobsApps.To-do-number-2";
				PRODUCT_NAME = "$(TARGET_NAME)";
				SWIFT_VERSION = 5.0;
				TARGETED_DEVICE_FAMILY = "1,2";
			};
			name = Release;
		};
		6A9FFCA5238DB40100AEB564 /* Debug */ = {
			isa = XCBuildConfiguration;
			buildSettings = {
				ALWAYS_EMBED_SWIFT_STANDARD_LIBRARIES = YES;
				BUNDLE_LOADER = "$(TEST_HOST)";
				CODE_SIGN_STYLE = Automatic;
				DEVELOPMENT_TEAM = SN4622MCZZ;
				INFOPLIST_FILE = "To do number 2Tests/Info.plist";
				LD_RUNPATH_SEARCH_PATHS = (
					"$(inherited)",
					"@executable_path/Frameworks",
					"@loader_path/Frameworks",
				);
				PRODUCT_BUNDLE_IDENTIFIER = "RobsApps.To-do-number-2Tests";
				PRODUCT_NAME = "$(TARGET_NAME)";
				SWIFT_VERSION = 5.0;
				TARGETED_DEVICE_FAMILY = "1,2";
				TEST_HOST = "$(BUILT_PRODUCTS_DIR)/To do number 2.app/To do number 2";
			};
			name = Debug;
		};
		6A9FFCA6238DB40100AEB564 /* Release */ = {
			isa = XCBuildConfiguration;
			buildSettings = {
				ALWAYS_EMBED_SWIFT_STANDARD_LIBRARIES = YES;
				BUNDLE_LOADER = "$(TEST_HOST)";
				CODE_SIGN_STYLE = Automatic;
				DEVELOPMENT_TEAM = SN4622MCZZ;
				INFOPLIST_FILE = "To do number 2Tests/Info.plist";
				LD_RUNPATH_SEARCH_PATHS = (
					"$(inherited)",
					"@executable_path/Frameworks",
					"@loader_path/Frameworks",
				);
				PRODUCT_BUNDLE_IDENTIFIER = "RobsApps.To-do-number-2Tests";
				PRODUCT_NAME = "$(TARGET_NAME)";
				SWIFT_VERSION = 5.0;
				TARGETED_DEVICE_FAMILY = "1,2";
				TEST_HOST = "$(BUILT_PRODUCTS_DIR)/To do number 2.app/To do number 2";
			};
			name = Release;
		};
		6A9FFCA8238DB40100AEB564 /* Debug */ = {
			isa = XCBuildConfiguration;
			buildSettings = {
				ALWAYS_EMBED_SWIFT_STANDARD_LIBRARIES = YES;
				CODE_SIGN_STYLE = Automatic;
				DEVELOPMENT_TEAM = SN4622MCZZ;
				INFOPLIST_FILE = "To do number 2UITests/Info.plist";
				LD_RUNPATH_SEARCH_PATHS = (
					"$(inherited)",
					"@executable_path/Frameworks",
					"@loader_path/Frameworks",
				);
				PRODUCT_BUNDLE_IDENTIFIER = "RobsApps.To-do-number-2UITests";
				PRODUCT_NAME = "$(TARGET_NAME)";
				SWIFT_VERSION = 5.0;
				TARGETED_DEVICE_FAMILY = "1,2";
				TEST_TARGET_NAME = "To do number 2";
			};
			name = Debug;
		};
		6A9FFCA9238DB40100AEB564 /* Release */ = {
			isa = XCBuildConfiguration;
			buildSettings = {
				ALWAYS_EMBED_SWIFT_STANDARD_LIBRARIES = YES;
				CODE_SIGN_STYLE = Automatic;
				DEVELOPMENT_TEAM = SN4622MCZZ;
				INFOPLIST_FILE = "To do number 2UITests/Info.plist";
				LD_RUNPATH_SEARCH_PATHS = (
					"$(inherited)",
					"@executable_path/Frameworks",
					"@loader_path/Frameworks",
				);
				PRODUCT_BUNDLE_IDENTIFIER = "RobsApps.To-do-number-2UITests";
				PRODUCT_NAME = "$(TARGET_NAME)";
				SWIFT_VERSION = 5.0;
				TARGETED_DEVICE_FAMILY = "1,2";
				TEST_TARGET_NAME = "To do number 2";
			};
			name = Release;
		};
/* End XCBuildConfiguration section */

/* Begin XCConfigurationList section */
		6A9FFC74238DB3FE00AEB564 /* Build configuration list for PBXProject "To do number 2" */ = {
			isa = XCConfigurationList;
			buildConfigurations = (
				6A9FFC9F238DB40100AEB564 /* Debug */,
				6A9FFCA0238DB40100AEB564 /* Release */,
			);
			defaultConfigurationIsVisible = 0;
			defaultConfigurationName = Release;
		};
		6A9FFCA1238DB40100AEB564 /* Build configuration list for PBXNativeTarget "To do number 2" */ = {
			isa = XCConfigurationList;
			buildConfigurations = (
				6A9FFCA2238DB40100AEB564 /* Debug */,
				6A9FFCA3238DB40100AEB564 /* Release */,
			);
			defaultConfigurationIsVisible = 0;
			defaultConfigurationName = Release;
		};
		6A9FFCA4238DB40100AEB564 /* Build configuration list for PBXNativeTarget "To do number 2Tests" */ = {
			isa = XCConfigurationList;
			buildConfigurations = (
				6A9FFCA5238DB40100AEB564 /* Debug */,
				6A9FFCA6238DB40100AEB564 /* Release */,
			);
			defaultConfigurationIsVisible = 0;
			defaultConfigurationName = Release;
		};
		6A9FFCA7238DB40100AEB564 /* Build configuration list for PBXNativeTarget "To do number 2UITests" */ = {
			isa = XCConfigurationList;
			buildConfigurations = (
				6A9FFCA8238DB40100AEB564 /* Debug */,
				6A9FFCA9238DB40100AEB564 /* Release */,
			);
			defaultConfigurationIsVisible = 0;
			defaultConfigurationName = Release;
		};
/* End XCConfigurationList section */
	};
	rootObject = 6A9FFC71238DB3FE00AEB564 /* Project object */;
}
